// !$*UTF8*$!
{
	archiveVersion = 1;
	classes = {
	};
	objectVersion = 77;
	objects = {

/* Begin PBXBuildFile section */
		07EF93442F49055C00BD8692 /* TEST_PLAN.md in Resources */ = {isa = PBXBuildFile; fileRef = 07EF93432F49055C00BD8692 /* TEST_PLAN.md */; };
		A1B000001234567890000001 /* FastClassificationEngineTests.swift in Sources */ = {isa = PBXBuildFile; fileRef = 076EFDFD2F54B8BE00F577DC /* FastClassificationEngineTests.swift */; };
		A1B000001234567890000002 /* TagComputationEngineTests.swift in Sources */ = {isa = PBXBuildFile; fileRef = 0731CC082F54CA1200C6864E /* TagComputationEngineTests.swift */; };
		A1B000001234567890000003 /* HijriCalendarServiceTests.swift in Sources */ = {isa = PBXBuildFile; fileRef = A1B000001234567890000101 /* HijriCalendarServiceTests.swift */; };
		A1B000001234567890000004 /* HijriMonthAdjustmentStoreTests.swift in Sources */ = {isa = PBXBuildFile; fileRef = A1B000001234567890000102 /* HijriMonthAdjustmentStoreTests.swift */; };
		A1B000001234567890000005 /* HijriSpecialDayPlannerTests.swift in Sources */ = {isa = PBXBuildFile; fileRef = A1B000001234567890000103 /* HijriSpecialDayPlannerTests.swift */; };
		A1B000001234567890000006 /* ScheduleManagerHijriTests.swift in Sources */ = {isa = PBXBuildFile; fileRef = A1B000001234567890000104 /* ScheduleManagerHijriTests.swift */; };
/* End PBXBuildFile section */

/* Begin PBXContainerItemProxy section */
		A1B000001234567890000204 /* PBXContainerItemProxy */ = {
			isa = PBXContainerItemProxy;
			containerPortal = 07135B6A2F439A5A007CEEF7 /* Project object */;
			proxyType = 1;
			remoteGlobalIDString = 07135B712F439A5A007CEEF7;
			remoteInfo = Suhoor;
		};
/* End PBXContainerItemProxy section */

/* Begin PBXFileReference section */
		07135B722F439A5A007CEEF7 /* Suhoor.app */ = {isa = PBXFileReference; explicitFileType = wrapper.application; includeInIndex = 0; path = Suhoor.app; sourceTree = BUILT_PRODUCTS_DIR; };
		0731CC082F54CA1200C6864E /* TagComputationEngineTests.swift */ = {isa = PBXFileReference; lastKnownFileType = sourcecode.swift; path = TagComputationEngineTests.swift; sourceTree = "<group>"; };
		076EFDFD2F54B8BE00F577DC /* FastClassificationEngineTests.swift */ = {isa = PBXFileReference; lastKnownFileType = sourcecode.swift; path = FastClassificationEngineTests.swift; sourceTree = "<group>"; };
		07EF91CF2F43B5E600BD8692 /* SuhoorTests.swift */ = {isa = PBXFileReference; lastKnownFileType = sourcecode.swift; path = SuhoorTests.swift; sourceTree = "<group>"; };
		07EF91D22F43B70800BD8692 /* Suhoor.xctestplan */ = {isa = PBXFileReference; lastKnownFileType = text; path = Suhoor.xctestplan; sourceTree = "<group>"; };
		07EF93432F49055C00BD8692 /* TEST_PLAN.md */ = {isa = PBXFileReference; lastKnownFileType = net.daringfireball.markdown; path = TEST_PLAN.md; sourceTree = "<group>"; };
		A1B000001234567890000101 /* HijriCalendarServiceTests.swift */ = {isa = PBXFileReference; lastKnownFileType = sourcecode.swift; path = HijriCalendarServiceTests.swift; sourceTree = "<group>"; };
		A1B000001234567890000102 /* HijriMonthAdjustmentStoreTests.swift */ = {isa = PBXFileReference; lastKnownFileType = sourcecode.swift; path = HijriMonthAdjustmentStoreTests.swift; sourceTree = "<group>"; };
		A1B000001234567890000103 /* HijriSpecialDayPlannerTests.swift */ = {isa = PBXFileReference; lastKnownFileType = sourcecode.swift; path = HijriSpecialDayPlannerTests.swift; sourceTree = "<group>"; };
		A1B000001234567890000104 /* ScheduleManagerHijriTests.swift */ = {isa = PBXFileReference; lastKnownFileType = sourcecode.swift; path = ScheduleManagerHijriTests.swift; sourceTree = "<group>"; };
		A1B000001234567890000107 /* SuhoorTests.xctest */ = {isa = PBXFileReference; explicitFileType = wrapper.cfbundle; includeInIndex = 0; path = SuhoorTests.xctest; sourceTree = BUILT_PRODUCTS_DIR; };
/* End PBXFileReference section */

/* Begin PBXFileSystemSynchronizedRootGroup section */
		07135B742F439A5A007CEEF7 /* Suhoor */ = {
			isa = PBXFileSystemSynchronizedRootGroup;
			path = Suhoor;
			sourceTree = "<group>";
		};
/* End PBXFileSystemSynchronizedRootGroup section */

/* Begin PBXFrameworksBuildPhase section */
		07135B6F2F439A5A007CEEF7 /* Frameworks */ = {
			isa = PBXFrameworksBuildPhase;
			buildActionMask = 2147483647;
			files = (
			);
			runOnlyForDeploymentPostprocessing = 0;
		};
		A1B000001234567890000201 /* Frameworks */ = {
			isa = PBXFrameworksBuildPhase;
			buildActionMask = 2147483647;
			files = (
			);
			runOnlyForDeploymentPostprocessing = 0;
		};
/* End PBXFrameworksBuildPhase section */

/* Begin PBXGroup section */
		07135B692F439A5A007CEEF7 = {
			isa = PBXGroup;
			children = (
				07135B742F439A5A007CEEF7 /* Suhoor */,
				07135B732F439A5A007CEEF7 /* Products */,
				07EF91CE2F43B5DC00BD8692 /* SuhoorTests */,
				07EF93432F49055C00BD8692 /* TEST_PLAN.md */,
			);
			sourceTree = "<group>";
		};
		07135B732F439A5A007CEEF7 /* Products */ = {
			isa = PBXGroup;
			children = (
				07135B722F439A5A007CEEF7 /* Suhoor.app */,
				A1B000001234567890000107 /* SuhoorTests.xctest */,
			);
			name = Products;
			sourceTree = "<group>";
		};
		07EF91CE2F43B5DC00BD8692 /* SuhoorTests */ = {
			isa = PBXGroup;
			children = (
				07EF91CF2F43B5E600BD8692 /* SuhoorTests.swift */,
				07EF91D22F43B70800BD8692 /* Suhoor.xctestplan */,
				076EFDFD2F54B8BE00F577DC /* FastClassificationEngineTests.swift */,
				0731CC082F54CA1200C6864E /* TagComputationEngineTests.swift */,
				A1B000001234567890000101 /* HijriCalendarServiceTests.swift */,
				A1B000001234567890000102 /* HijriMonthAdjustmentStoreTests.swift */,
				A1B000001234567890000103 /* HijriSpecialDayPlannerTests.swift */,
				A1B000001234567890000104 /* ScheduleManagerHijriTests.swift */,
			);
			path = SuhoorTests;
			sourceTree = "<group>";
		};
/* End PBXGroup section */

/* Begin PBXNativeTarget section */
		07135B712F439A5A007CEEF7 /* Suhoor */ = {
			isa = PBXNativeTarget;
			buildConfigurationList = 07135B7D2F439A5A007CEEF7 /* Build configuration list for PBXNativeTarget "Suhoor" */;
			buildPhases = (
				07135B6E2F439A5A007CEEF7 /* Sources */,
				07135B6F2F439A5A007CEEF7 /* Frameworks */,
				07135B702F439A5A007CEEF7 /* Resources */,
			);
			buildRules = (
			);
			dependencies = (
			);
			fileSystemSynchronizedGroups = (
				07135B742F439A5A007CEEF7 /* Suhoor */,
			);
			name = Suhoor;
			packageProductDependencies = (
			);
			productName = Suhoor;
			productReference = 07135B722F439A5A007CEEF7 /* Suhoor.app */;
			productType = "com.apple.product-type.application";
		};
		A1B000001234567890000206 /* SuhoorTests */ = {
			isa = PBXNativeTarget;
			buildConfigurationList = A1B000001234567890000207 /* Build configuration list for PBXNativeTarget "SuhoorTests" */;
			buildPhases = (
				A1B000001234567890000202 /* Sources */,
				A1B000001234567890000201 /* Frameworks */,
				A1B000001234567890000203 /* Resources */,
			);
			buildRules = (
			);
			dependencies = (
				A1B000001234567890000205 /* PBXTargetDependency */,
			);
			name = SuhoorTests;
			packageProductDependencies = (
			);
			productName = SuhoorTests;
			productReference = A1B000001234567890000107 /* SuhoorTests.xctest */;
			productType = "com.apple.product-type.bundle.unit-test";
		};
/* End PBXNativeTarget section */

/* Begin PBXProject section */
		07135B6A2F439A5A007CEEF7 /* Project object */ = {
			isa = PBXProject;
			attributes = {
				BuildIndependentTargetsInParallel = 1;
				LastSwiftUpdateCheck = 2620;
				LastUpgradeCheck = 2620;
				TargetAttributes = {
					07135B712F439A5A007CEEF7 = {
						CreatedOnToolsVersion = 26.2;
					};
					A1B000001234567890000206 = {
						CreatedOnToolsVersion = 26.2;
						TestTargetID = 07135B712F439A5A007CEEF7;
					};
				};
			};
			buildConfigurationList = 07135B6D2F439A5A007CEEF7 /* Build configuration list for PBXProject "Suhoor" */;
			developmentRegion = en;
			hasScannedForEncodings = 0;
			knownRegions = (
				en,
				Base,
			);
			mainGroup = 07135B692F439A5A007CEEF7;
			minimizedProjectReferenceProxies = 1;
			preferredProjectObjectVersion = 77;
			productRefGroup = 07135B732F439A5A007CEEF7 /* Products */;
			projectDirPath = "";
			projectRoot = "";
			targets = (
				07135B712F439A5A007CEEF7 /* Suhoor */,
				A1B000001234567890000206 /* SuhoorTests */,
			);
		};
/* End PBXProject section */

/* Begin PBXResourcesBuildPhase section */
		07135B702F439A5A007CEEF7 /* Resources */ = {
			isa = PBXResourcesBuildPhase;
			buildActionMask = 2147483647;
			files = (
				07EF93442F49055C00BD8692 /* TEST_PLAN.md in Resources */,
			);
			runOnlyForDeploymentPostprocessing = 0;
		};
		A1B000001234567890000203 /* Resources */ = {
			isa = PBXResourcesBuildPhase;
			buildActionMask = 2147483647;
			files = (
			);
			runOnlyForDeploymentPostprocessing = 0;
		};
/* End PBXResourcesBuildPhase section */

/* Begin PBXSourcesBuildPhase section */
		07135B6E2F439A5A007CEEF7 /* Sources */ = {
			isa = PBXSourcesBuildPhase;
			buildActionMask = 2147483647;
			files = (
			);
			runOnlyForDeploymentPostprocessing = 0;
		};
		A1B000001234567890000202 /* Sources */ = {
			isa = PBXSourcesBuildPhase;
			buildActionMask = 2147483647;
			files = (
				A1B000001234567890000001 /* FastClassificationEngineTests.swift in Sources */,
				A1B000001234567890000002 /* TagComputationEngineTests.swift in Sources */,
				A1B000001234567890000003 /* HijriCalendarServiceTests.swift in Sources */,
				A1B000001234567890000004 /* HijriMonthAdjustmentStoreTests.swift in Sources */,
				A1B000001234567890000005 /* HijriSpecialDayPlannerTests.swift in Sources */,
				A1B000001234567890000006 /* ScheduleManagerHijriTests.swift in Sources */,
			);
			runOnlyForDeploymentPostprocessing = 0;
		};
/* End PBXSourcesBuildPhase section */

/* Begin PBXTargetDependency section */
		A1B000001234567890000205 /* PBXTargetDependency */ = {
			isa = PBXTargetDependency;
			target = 07135B712F439A5A007CEEF7 /* Suhoor */;
			targetProxy = A1B000001234567890000204 /* PBXContainerItemProxy */;
		};
/* End PBXTargetDependency section */

/* Begin XCBuildConfiguration section */
		07135B7B2F439A5A007CEEF7 /* Debug */ = {
			isa = XCBuildConfiguration;
			buildSettings = {
				ALWAYS_SEARCH_USER_PATHS = NO;
				ASSETCATALOG_COMPILER_GENERATE_SWIFT_ASSET_SYMBOL_EXTENSIONS = YES;
				CLANG_ANALYZER_NONNULL = YES;
				CLANG_ANALYZER_NUMBER_OBJECT_CONVERSION = YES_AGGRESSIVE;
				CLANG_CXX_LANGUAGE_STANDARD = "gnu++20";
				CLANG_ENABLE_MODULES = YES;
				CLANG_ENABLE_OBJC_ARC = YES;
				CLANG_ENABLE_OBJC_WEAK = YES;
				CLANG_WARN_BLOCK_CAPTURE_AUTORELEASING = YES;
				CLANG_WARN_BOOL_CONVERSION = YES;
				CLANG_WARN_COMMA = YES;
				CLANG_WARN_CONSTANT_CONVERSION = YES;
				CLANG_WARN_DEPRECATED_OBJC_IMPLEMENTATIONS = YES;
				CLANG_WARN_DIRECT_OBJC_ISA_USAGE = YES_ERROR;
				CLANG_WARN_DOCUMENTATION_COMMENTS = YES;
				CLANG_WARN_EMPTY_BODY = YES;
				CLANG_WARN_ENUM_CONVERSION = YES;
				CLANG_WARN_INFINITE_RECURSION = YES;
				CLANG_WARN_INT_CONVERSION = YES;
				CLANG_WARN_NON_LITERAL_NULL_CONVERSION = YES;
				CLANG_WARN_OBJC_IMPLICIT_RETAIN_SELF = YES;
				CLANG_WARN_OBJC_LITERAL_CONVERSION = YES;
				CLANG_WARN_OBJC_ROOT_CLASS = YES_ERROR;
				CLANG_WARN_QUOTED_INCLUDE_IN_FRAMEWORK_HEADER = YES;
				CLANG_WARN_RANGE_LOOP_ANALYSIS = YES;
				CLANG_WARN_STRICT_PROTOTYPES = YES;
				CLANG_WARN_SUSPICIOUS_MOVE = YES;
				CLANG_WARN_UNGUARDED_AVAILABILITY = YES_AGGRESSIVE;
				CLANG_WARN_UNREACHABLE_CODE = YES;
				CLANG_WARN__DUPLICATE_METHOD_MATCH = YES;
				COPY_PHASE_STRIP = NO;
				DEBUG_INFORMATION_FORMAT = dwarf;
				ENABLE_STRICT_OBJC_MSGSEND = YES;
				ENABLE_TESTABILITY = YES;
				ENABLE_USER_SCRIPT_SANDBOXING = YES;
				GCC_C_LANGUAGE_STANDARD = gnu17;
				GCC_DYNAMIC_NO_PIC = NO;
				GCC_NO_COMMON_BLOCKS = YES;
				GCC_OPTIMIZATION_LEVEL = 0;
				GCC_PREPROCESSOR_DEFINITIONS = (
					"DEBUG=1",
					"$(inherited)",
				);
				GCC_WARN_64_TO_32_BIT_CONVERSION = YES;
				GCC_WARN_ABOUT_RETURN_TYPE = YES_ERROR;
				GCC_WARN_UNDECLARED_SELECTOR = YES;
				GCC_WARN_UNINITIALIZED_AUTOS = YES_AGGRESSIVE;
				GCC_WARN_UNUSED_FUNCTION = YES;
				GCC_WARN_UNUSED_VARIABLE = YES;
				IPHONEOS_DEPLOYMENT_TARGET = 26.2;
				LOCALIZATION_PREFERS_STRING_CATALOGS = YES;
				MTL_ENABLE_DEBUG_INFO = INCLUDE_SOURCE;
				MTL_FAST_MATH = YES;
				ONLY_ACTIVE_ARCH = YES;
				SDKROOT = iphoneos;
				SWIFT_ACTIVE_COMPILATION_CONDITIONS = "DEBUG $(inherited)";
				SWIFT_OPTIMIZATION_LEVEL = "-Onone";
			};
			name = Debug;
		};
		07135B7C2F439A5A007CEEF7 /* Release */ = {
			isa = XCBuildConfiguration;
			buildSettings = {
				ALWAYS_SEARCH_USER_PATHS = NO;
				ASSETCATALOG_COMPILER_GENERATE_SWIFT_ASSET_SYMBOL_EXTENSIONS = YES;
				CLANG_ANALYZER_NONNULL = YES;
				CLANG_ANALYZER_NUMBER_OBJECT_CONVERSION = YES_AGGRESSIVE;
				CLANG_CXX_LANGUAGE_STANDARD = "gnu++20";
				CLANG_ENABLE_MODULES = YES;
				CLANG_ENABLE_OBJC_ARC = YES;
				CLANG_ENABLE_OBJC_WEAK = YES;
				CLANG_WARN_BLOCK_CAPTURE_AUTORELEASING = YES;
				CLANG_WARN_BOOL_CONVERSION = YES;
				CLANG_WARN_COMMA = YES;
				CLANG_WARN_CONSTANT_CONVERSION = YES;
				CLANG_WARN_DEPRECATED_OBJC_IMPLEMENTATIONS = YES;
				CLANG_WARN_DIRECT_OBJC_ISA_USAGE = YES_ERROR;
				CLANG_WARN_DOCUMENTATION_COMMENTS = YES;
				CLANG_WARN_EMPTY_BODY = YES;
				CLANG_WARN_ENUM_CONVERSION = YES;
				CLANG_WARN_INFINITE_RECURSION = YES;
				CLANG_WARN_INT_CONVERSION = YES;
				CLANG_WARN_NON_LITERAL_NULL_CONVERSION = YES;
				CLANG_WARN_OBJC_IMPLICIT_RETAIN_SELF = YES;
				CLANG_WARN_OBJC_LITERAL_CONVERSION = YES;
				CLANG_WARN_OBJC_ROOT_CLASS = YES_ERROR;
				CLANG_WARN_QUOTED_INCLUDE_IN_FRAMEWORK_HEADER = YES;
				CLANG_WARN_RANGE_LOOP_ANALYSIS = YES;
				CLANG_WARN_STRICT_PROTOTYPES = YES;
				CLANG_WARN_SUSPICIOUS_MOVE = YES;
				CLANG_WARN_UNGUARDED_AVAILABILITY = YES_AGGRESSIVE;
				CLANG_WARN_UNREACHABLE_CODE = YES;
				CLANG_WARN__DUPLICATE_METHOD_MATCH = YES;
				COPY_PHASE_STRIP = NO;
				DEBUG_INFORMATION_FORMAT = "dwarf-with-dsym";
				ENABLE_NS_ASSERTIONS = NO;
				ENABLE_STRICT_OBJC_MSGSEND = YES;
				ENABLE_USER_SCRIPT_SANDBOXING = YES;
				GCC_C_LANGUAGE_STANDARD = gnu17;
				GCC_NO_COMMON_BLOCKS = YES;
				GCC_WARN_64_TO_32_BIT_CONVERSION = YES;
				GCC_WARN_ABOUT_RETURN_TYPE = YES_ERROR;
				GCC_WARN_UNDECLARED_SELECTOR = YES;
				GCC_WARN_UNINITIALIZED_AUTOS = YES_AGGRESSIVE;
				GCC_WARN_UNUSED_FUNCTION = YES;
				GCC_WARN_UNUSED_VARIABLE = YES;
				IPHONEOS_DEPLOYMENT_TARGET = 26.2;
				LOCALIZATION_PREFERS_STRING_CATALOGS = YES;
				MTL_ENABLE_DEBUG_INFO = NO;
				MTL_FAST_MATH = YES;
				SDKROOT = iphoneos;
				SWIFT_COMPILATION_MODE = wholemodule;
				VALIDATE_PRODUCT = YES;
			};
			name = Release;
		};
		07135B7E2F439A5A007CEEF7 /* Debug */ = {
			isa = XCBuildConfiguration;
			buildSettings = {
				ASSETCATALOG_COMPILER_APPICON_NAME = AppIcon;
				ASSETCATALOG_COMPILER_GLOBAL_ACCENT_COLOR_NAME = AccentColor;
				ASSETCATALOG_COMPILER_INCLUDE_ALL_APPICON_ASSETS = YES;
				CODE_SIGN_IDENTITY = "Apple Development";
				CODE_SIGN_STYLE = Automatic;
				CURRENT_PROJECT_VERSION = 1;
				DEVELOPMENT_TEAM = J6QD2TR878;
				ENABLE_PREVIEWS = YES;
				EXCLUDED_RESOURCE_FILE_NAMES = Info.plist;
				GENERATE_INFOPLIST_FILE = NO;
				INFOPLIST_FILE = Info.plist;
				INFOPLIST_KEY_LSApplicationCategoryType = "public.app-category.productivity";
				INFOPLIST_KEY_UIApplicationSceneManifest_Generation = YES;
				INFOPLIST_KEY_UIApplicationSupportsIndirectInputEvents = YES;
				INFOPLIST_KEY_UILaunchScreen_Generation = YES;
				INFOPLIST_KEY_UISupportedInterfaceOrientations_iPad = "UIInterfaceOrientationPortrait UIInterfaceOrientationPortraitUpsideDown UIInterfaceOrientationLandscapeLeft UIInterfaceOrientationLandscapeRight";
				INFOPLIST_KEY_UISupportedInterfaceOrientations_iPhone = "UIInterfaceOrientationPortrait UIInterfaceOrientationLandscapeLeft UIInterfaceOrientationLandscapeRight";
				LD_RUNPATH_SEARCH_PATHS = (
					"$(inherited)",
					"@executable_path/Frameworks",
				);
				MARKETING_VERSION = 1.0;
				PRODUCT_BUNDLE_IDENTIFIER = khanomar.Suhoor;
				PRODUCT_NAME = "$(TARGET_NAME)";
				PROVISIONING_PROFILE_SPECIFIER = "";
				STRING_CATALOG_GENERATE_SYMBOLS = YES;
				SWIFT_APPROACHABLE_CONCURRENCY = YES;
				SWIFT_DEFAULT_ACTOR_ISOLATION = MainActor;
				SWIFT_EMIT_LOC_STRINGS = YES;
				SWIFT_UPCOMING_FEATURE_MEMBER_IMPORT_VISIBILITY = YES;
				SWIFT_VERSION = 5.0;
				TARGETED_DEVICE_FAMILY = 1;
			};
			name = Debug;
		};
		07135B7F2F439A5A007CEEF7 /* Release */ = {
			isa = XCBuildConfiguration;
			buildSettings = {
				ASSETCATALOG_COMPILER_APPICON_NAME = AppIcon;
				ASSETCATALOG_COMPILER_GLOBAL_ACCENT_COLOR_NAME = AccentColor;
				ASSETCATALOG_COMPILER_INCLUDE_ALL_APPICON_ASSETS = YES;
				CODE_SIGN_IDENTITY = "Apple Development";
				CODE_SIGN_STYLE = Automatic;
				CURRENT_PROJECT_VERSION = 1;
				DEVELOPMENT_TEAM = J6QD2TR878;
				ENABLE_PREVIEWS = YES;
				EXCLUDED_RESOURCE_FILE_NAMES = Info.plist;
				GENERATE_INFOPLIST_FILE = NO;
				INFOPLIST_FILE = Info.plist;
				INFOPLIST_KEY_LSApplicationCategoryType = "public.app-category.productivity";
				INFOPLIST_KEY_UIApplicationSceneManifest_Generation = YES;
				INFOPLIST_KEY_UIApplicationSupportsIndirectInputEvents = YES;
				INFOPLIST_KEY_UILaunchScreen_Generation = YES;
				INFOPLIST_KEY_UISupportedInterfaceOrientations_iPad = "UIInterfaceOrientationPortrait UIInterfaceOrientationPortraitUpsideDown UIInterfaceOrientationLandscapeLeft UIInterfaceOrientationLandscapeRight";
				INFOPLIST_KEY_UISupportedInterfaceOrientations_iPhone = "UIInterfaceOrientationPortrait UIInterfaceOrientationLandscapeLeft UIInterfaceOrientationLandscapeRight";
				LD_RUNPATH_SEARCH_PATHS = (
					"$(inherited)",
					"@executable_path/Frameworks",
				);
				MARKETING_VERSION = 1.0;
				PRODUCT_BUNDLE_IDENTIFIER = khanomar.Suhoor;
				PRODUCT_NAME = "$(TARGET_NAME)";
				PROVISIONING_PROFILE_SPECIFIER = "";
				STRING_CATALOG_GENERATE_SYMBOLS = YES;
				SWIFT_APPROACHABLE_CONCURRENCY = YES;
				SWIFT_DEFAULT_ACTOR_ISOLATION = MainActor;
				SWIFT_EMIT_LOC_STRINGS = YES;
				SWIFT_UPCOMING_FEATURE_MEMBER_IMPORT_VISIBILITY = YES;
				SWIFT_VERSION = 5.0;
				TARGETED_DEVICE_FAMILY = 1;
			};
			name = Release;
		};
		A1B000001234567890000208 /* Debug */ = {
			isa = XCBuildConfiguration;
			buildSettings = {
				BUNDLE_LOADER = "$(TEST_HOST)";
				CODE_SIGN_STYLE = Automatic;
				CURRENT_PROJECT_VERSION = 1;
				DEVELOPMENT_TEAM = J6QD2TR878;
				GENERATE_INFOPLIST_FILE = YES;
				IPHONEOS_DEPLOYMENT_TARGET = 26.2;
				LD_RUNPATH_SEARCH_PATHS = (
					"$(inherited)",
					"@executable_path/Frameworks",
					"@loader_path/Frameworks",
				);
				PRODUCT_BUNDLE_IDENTIFIER = khanomar.SuhoorTests;
				PRODUCT_NAME = "$(TARGET_NAME)";
				SDKROOT = iphoneos;
				SWIFT_ACTIVE_COMPILATION_CONDITIONS = "DEBUG $(inherited)";
				SWIFT_VERSION = 5.0;
				TARGETED_DEVICE_FAMILY = 1;
				TEST_HOST = "$(BUILT_PRODUCTS_DIR)/Suhoor.app/$(BUNDLE_EXECUTABLE_FOLDER_PATH)/Suhoor";
				TEST_TARGET_NAME = Suhoor;
			};
			name = Debug;
		};
		A1B000001234567890000209 /* Release */ = {
			isa = XCBuildConfiguration;
			buildSettings = {
				BUNDLE_LOADER = "$(TEST_HOST)";
				CODE_SIGN_STYLE = Automatic;
				CURRENT_PROJECT_VERSION = 1;
				DEVELOPMENT_TEAM = J6QD2TR878;
				GENERATE_INFOPLIST_FILE = YES;
				IPHONEOS_DEPLOYMENT_TARGET = 26.2;
				LD_RUNPATH_SEARCH_PATHS = (
					"$(inherited)",
					"@executable_path/Frameworks",
					"@loader_path/Frameworks",
				);
				PRODUCT_BUNDLE_IDENTIFIER = khanomar.SuhoorTests;
				PRODUCT_NAME = "$(TARGET_NAME)";
				SDKROOT = iphoneos;
				SWIFT_VERSION = 5.0;
				TARGETED_DEVICE_FAMILY = 1;
				TEST_HOST = "$(BUILT_PRODUCTS_DIR)/Suhoor.app/$(BUNDLE_EXECUTABLE_FOLDER_PATH)/Suhoor";
				TEST_TARGET_NAME = Suhoor;
			};
			name = Release;
		};
/* End XCBuildConfiguration section */

/* Begin XCConfigurationList section */
		07135B6D2F439A5A007CEEF7 /* Build configuration list for PBXProject "Suhoor" */ = {
			isa = XCConfigurationList;
			buildConfigurations = (
				07135B7B2F439A5A007CEEF7 /* Debug */,
				07135B7C2F439A5A007CEEF7 /* Release */,
			);
			defaultConfigurationIsVisible = 0;
			defaultConfigurationName = Release;
		};
		07135B7D2F439A5A007CEEF7 /* Build configuration list for PBXNativeTarget "Suhoor" */ = {
			isa = XCConfigurationList;
			buildConfigurations = (
				07135B7E2F439A5A007CEEF7 /* Debug */,
				07135B7F2F439A5A007CEEF7 /* Release */,
			);
			defaultConfigurationIsVisible = 0;
			defaultConfigurationName = Release;
		};
		A1B000001234567890000207 /* Build configuration list for PBXNativeTarget "SuhoorTests" */ = {
			isa = XCConfigurationList;
			buildConfigurations = (
				A1B000001234567890000208 /* Debug */,
				A1B000001234567890000209 /* Release */,
			);
			defaultConfigurationIsVisible = 0;
			defaultConfigurationName = Release;
		};
/* End XCConfigurationList section */
	};
	rootObject = 07135B6A2F439A5A007CEEF7 /* Project object */;
}
